{
  "version": 4,
  "terraform_version": "1.2.4",
  "serial": 8,
  "lineage": "b87d78ba-638c-d057-4168-79d2ee7d4d74",
  "outputs": {
    "workspace_endpoint": {
      "value": "g-5e2ea64bd7.grafana-workspace.ap-northeast-1.amazonaws.com",
      "type": "string"
    }
  },
  "resources": [
    {
      "module": "module.Grafana",
      "mode": "managed",
      "type": "aws_grafana_workspace",
      "name": "grafanaworkspace",
      "provider": "module.Grafana.provider[\"registry.terraform.io/hashicorp/aws\"]",
      "instances": [
        {
          "schema_version": 0,
          "attributes": {
            "account_access_type": "CURRENT_ACCOUNT",
            "arn": "arn:aws:grafana:ap-northeast-1:383452002839:/workspaces/g-5e2ea64bd7",
            "authentication_providers": [
              "AWS_SSO"
            ],
            "data_sources": [],
            "description": "",
            "endpoint": "g-5e2ea64bd7.grafana-workspace.ap-northeast-1.amazonaws.com",
            "grafana_version": "8.4",
            "id": "g-5e2ea64bd7",
            "name": "Iaac-amg-workspace",
            "notification_destinations": [],
            "organization_role_name": "",
            "organizational_units": [],
            "permission_type": "CUSTOMER_MANAGED",
            "role_arn": "arn:aws:iam::383452002839:role/Iaac-amg-workspace-role",
            "saml_configuration_status": "",
            "stack_set_name": "",
            "tags": {
              "Name": "Iaac-amg-workspace"
            },
            "tags_all": {
              "Name": "Iaac-amg-workspace"
            },
            "timeouts": null
          },
          "sensitive_attributes": [],
          "private": "eyJlMmJmYjczMC1lY2FhLTExZTYtOGY4OC0zNDM2M2JjN2M0YzAiOnsiY3JlYXRlIjo2MDAwMDAwMDAwMDAsInVwZGF0ZSI6NjAwMDAwMDAwMDAwfX0=",
          "dependencies": [
            "module.Grafana.aws_iam_role.AMGPrometheusDataSource-role"
          ]
        }
      ]
    },
    {
      "module": "module.Grafana",
      "mode": "managed",
      "type": "aws_grafana_workspace_api_key",
      "name": "key",
      "provider": "module.Grafana.provider[\"registry.terraform.io/hashicorp/aws\"]",
      "instances": [
        {
          "schema_version": 0,
          "attributes": {
            "id": "g-5e2ea64bd7/admin",
            "key": "eyJrIjoiOWJXTVFoeDZkdU96eTlQNDNiS25oSm8yOEVHMEE2REsiLCJuIjoiYWRtaW4iLCJpZCI6MX0=",
            "key_name": "admin",
            "key_role": "ADMIN",
            "seconds_to_live": 3600,
            "workspace_id": "g-5e2ea64bd7"
          },
          "sensitive_attributes": [],
          "private": "bnVsbA==",
          "dependencies": [
            "module.Grafana.aws_grafana_workspace.grafanaworkspace",
            "module.Grafana.aws_iam_role.AMGPrometheusDataSource-role"
          ]
        }
      ]
    },
    {
      "module": "module.Grafana",
      "mode": "managed",
      "type": "aws_iam_policy",
      "name": "AMGPrometheusDataSource-policy",
      "provider": "module.Grafana.provider[\"registry.terraform.io/hashicorp/aws\"]",
      "instances": [
        {
          "schema_version": 0,
          "attributes": {
            "arn": "arn:aws:iam::383452002839:policy/AMGPrometheusDataSourcePolicy",
            "description": "",
            "id": "arn:aws:iam::383452002839:policy/AMGPrometheusDataSourcePolicy",
            "name": "AMGPrometheusDataSourcePolicy",
            "name_prefix": null,
            "path": "/",
            "policy": "{\"Statement\":[{\"Action\":\"sts:AssumeRole\",\"Effect\":\"Allow\",\"Resource\":[\"arn:aws:iam::12345678:role/AMGPrometheusDataSourceRole-Development\",\"arn:aws:iam::12345678:role/AMGCloudWatchDataSourceRole-Development\",\"arn:aws:iam::87654321:role/AMGCloudWatchDataSourceRole-Distinct\"],\"Sid\":\"VisualEditor0\"}],\"Version\":\"2012-10-17\"}",
            "policy_id": "ANPAVSR4FHIL7ND73BGNK",
            "tags": null,
            "tags_all": {}
          },
          "sensitive_attributes": [],
          "private": "bnVsbA=="
        }
      ]
    },
    {
      "module": "module.Grafana",
      "mode": "managed",
      "type": "aws_iam_policy_attachment",
      "name": "AMGPrometheusDataSource-policyattachment",
      "provider": "module.Grafana.provider[\"registry.terraform.io/hashicorp/aws\"]",
      "instances": [
        {
          "schema_version": 0,
          "attributes": {
            "groups": null,
            "id": "demo",
            "name": "demo",
            "policy_arn": "arn:aws:iam::383452002839:policy/AMGPrometheusDataSourcePolicy",
            "roles": [
              "Iaac-amg-workspace-role"
            ],
            "users": null
          },
          "sensitive_attributes": [],
          "private": "bnVsbA==",
          "dependencies": [
            "module.Grafana.aws_iam_policy.AMGPrometheusDataSource-policy",
            "module.Grafana.aws_iam_role.AMGPrometheusDataSource-role"
          ]
        }
      ]
    },
    {
      "module": "module.Grafana",
      "mode": "managed",
      "type": "aws_iam_role",
      "name": "AMGPrometheusDataSource-role",
      "provider": "module.Grafana.provider[\"registry.terraform.io/hashicorp/aws\"]",
      "instances": [
        {
          "schema_version": 0,
          "attributes": {
            "arn": "arn:aws:iam::383452002839:role/Iaac-amg-workspace-role",
            "assume_role_policy": "{\"Statement\":[{\"Action\":\"sts:AssumeRole\",\"Effect\":\"Allow\",\"Principal\":{\"Service\":\"grafana.amazonaws.com\"},\"Sid\":\"\"}],\"Version\":\"2012-10-17\"}",
            "create_date": "2022-10-20T07:45:20Z",
            "description": "",
            "force_detach_policies": false,
            "id": "Iaac-amg-workspace-role",
            "inline_policy": [],
            "managed_policy_arns": [],
            "max_session_duration": 3600,
            "name": "Iaac-amg-workspace-role",
            "name_prefix": "",
            "path": "/",
            "permissions_boundary": null,
            "tags": {},
            "tags_all": {},
            "unique_id": "AROAVSR4FHIL4GX6JQQ4D"
          },
          "sensitive_attributes": [],
          "private": "bnVsbA=="
        }
      ]
    }
  ]
}
